
Microsoft Visual Studio Solution File, Format Version 12.00
# Visual Studio Version 16
VisualStudioVersion = 16.0.32413.511
MinimumVisualStudioVersion = 10.0.40219.1
Project("{FAE04EC0-301F-11D3-BF4B-00C04F79EFBC}") = "TurtleTraining_ver_2", "TurtleTraining_ver_2.csproj", "{1F94BC66-D99B-483B-BAD1-858B358D7A33}"
EndProject
Global
	GlobalSection(SolutionConfigurationPlatforms) = preSolution
		Debug|Any CPU = Debug|Any CPU
		Release|Any CPU = Release|Any CPU
	EndGlobalSection
	GlobalSection(ProjectConfigurationPlatforms) = postSolution
		{1F94BC66-D99B-483B-BAD1-858B358D7A33}.Debug|Any CPU.ActiveCfg = Debug|Any CPU
		{1F94BC66-D99B-483B-BAD1-858B358D7A33}.Debug|Any CPU.Build.0 = Debug|Any CPU
		{1F94BC66-D99B-483B-BAD1-858B358D7A33}.Release|Any CPU.ActiveCfg = Release|Any CPU
		{1F94BC66-D99B-483B-BAD1-858B358D7A33}.Release|Any CPU.Build.0 = Release|Any CPU
	EndGlobalSection
	GlobalSection(SolutionProperties) = preSolution
		HideSolutionNode = FALSE
	EndGlobalSection
	GlobalSection(ExtensibilityGlobals) = postSolution
		SolutionGuid = {B046F742-6381-4475-8F4C-51CD07261EC4}
	EndGlobalSection
EndGlobal
