
Microsoft Visual Studio Solution File, Format Version 12.00
# Visual Studio Version 16
VisualStudioVersion = 16.0.32413.511
MinimumVisualStudioVersion = 10.0.40219.1
Project("{FAE04EC0-301F-11D3-BF4B-00C04F79EFBC}") = "HelloWorld", "HelloWorld.csproj", "{74F2C902-AFA2-44B9-9256-CA8C5ABE917D}"
EndProject
Project("{FAE04EC0-301F-11D3-BF4B-00C04F79EFBC}") = "CinemaAdviser", "..\..\Program_2\CinemaAdviser\CinemaAdviser.csproj", "{7664A2FE-7259-4224-9254-F57B408F163C}"
EndProject
Global
	GlobalSection(SolutionConfigurationPlatforms) = preSolution
		Debug|Any CPU = Debug|Any CPU
		Release|Any CPU = Release|Any CPU
	EndGlobalSection
	GlobalSection(ProjectConfigurationPlatforms) = postSolution
		{74F2C902-AFA2-44B9-9256-CA8C5ABE917D}.Debug|Any CPU.ActiveCfg = Debug|Any CPU
		{74F2C902-AFA2-44B9-9256-CA8C5ABE917D}.Debug|Any CPU.Build.0 = Debug|Any CPU
		{74F2C902-AFA2-44B9-9256-CA8C5ABE917D}.Release|Any CPU.ActiveCfg = Release|Any CPU
		{74F2C902-AFA2-44B9-9256-CA8C5ABE917D}.Release|Any CPU.Build.0 = Release|Any CPU
		{7664A2FE-7259-4224-9254-F57B408F163C}.Debug|Any CPU.ActiveCfg = Debug|Any CPU
		{7664A2FE-7259-4224-9254-F57B408F163C}.Debug|Any CPU.Build.0 = Debug|Any CPU
		{7664A2FE-7259-4224-9254-F57B408F163C}.Release|Any CPU.ActiveCfg = Release|Any CPU
		{7664A2FE-7259-4224-9254-F57B408F163C}.Release|Any CPU.Build.0 = Release|Any CPU
	EndGlobalSection
	GlobalSection(SolutionProperties) = preSolution
		HideSolutionNode = FALSE
	EndGlobalSection
	GlobalSection(ExtensibilityGlobals) = postSolution
		SolutionGuid = {ACBA8A46-C5AD-4336-B498-10967FE5E41F}
	EndGlobalSection
EndGlobal
